# This file is autogenerated, do not edit; changes may be undone by the next 'dep ensure'.


[[projects]]
  digest = "1:42561bad0d6b629af1d1803389986b98ae53ba02e51a81528ef5903aa8768ed7"
  name = "cloud.google.com/go"
  packages = [
    ".",
    "compute/metadata",
    "iam",
    "internal/optional",
    "internal/version",
    "pubsub",
    "pubsub/apiv1",
    "pubsub/internal/distribution",
    "pubsub/internal/scheduler",
  ]
  pruneopts = "UT"
  revision = "e3e62374ae4646946ae20e58521e35e72b3f1804"
  version = "v0.71.0"

[[projects]]
  branch = "master"
  digest = "1:b7cb6054d3dff43b38ad2e92492f220f57ae6087ee797dca298139776749ace8"
  name = "github.com/golang/groupcache"
  packages = ["lru"]
  pruneopts = "UT"
  revision = "8c9f03a8e57eb486e42badaed3fb287da51807ba"

[[projects]]
  digest = "1:7ae311278f7ccaa724de8f2cdec0a507ba3ee6dea8c77237e8157bcf64b0f28b"
  name = "github.com/golang/mock"
  packages = ["gomock"]
  pruneopts = "UT"
  revision = "f7b1909c82a8958747e5c87c6a5c3b2eaed8a33d"
  version = "v1.4.4"

[[projects]]
  digest = "1:617351cae5773f5f0094580e7312b57821c62ffdc18b11857051278edd0d0c33"
  name = "github.com/golang/protobuf"
  packages = [
    "internal/gengogrpc",
    "proto",
    "protoc-gen-go",
    "ptypes",
    "ptypes/any",
    "ptypes/duration",
    "ptypes/timestamp",
  ]
  pruneopts = "UT"
  revision = "4846b58453b3708320bdb524f25cc5a1d9cda4d4"
  version = "v1.4.3"

[[projects]]
  digest = "1:d2c84374e37085b97762b77f695101a96aea829293a6ab43915df0248a21fe9c"
  name = "github.com/golang/snappy"
  packages = ["."]
  pruneopts = "UT"
  revision = "196ae77b8a26000fa30caa8b2b541e09674dbc43"
  version = "v0.0.2"

[[projects]]
  digest = "1:400cb6646c388fe84307ab80a55fbec49b48fb2767275543ed17c3b846805e20"
  name = "github.com/google/go-cmp"
  packages = [
    "cmp",
    "cmp/internal/diff",
    "cmp/internal/flags",
    "cmp/internal/function",
    "cmp/internal/value",
  ]
  pruneopts = "UT"
  revision = "d2fcc899bdc2d134b7c00e36137260db963e193c"
  version = "v0.5.2"

[[projects]]
  digest = "1:766102087520f9d54f2acc72bd6637045900ac735b4a419b128d216f0c5c4876"
  name = "github.com/googleapis/gax-go"
  packages = ["v2"]
  pruneopts = "UT"
  revision = "bd5b16380fd03dc758d11cef74ba2e3bc8b0e8c2"
  version = "v2.0.5"

[[projects]]
  digest = "1:076c531484852c227471112d49465873aaad47e5ad6e1aec3a5b092a436117ef"
  name = "github.com/jstemmer/go-junit-report"
  packages = [
    ".",
    "formatter",
    "parser",
  ]
  pruneopts = "UT"
  revision = "cc1f095d5cc5eca2844f5c5ea7bb37f6b9bf6cac"
  version = "v0.9.1"

[[projects]]
  digest = "1:a20520c30001f1d49ca07e26eafe5d8612ce5d7dac5abbdab754e14bb83c1b4e"
  name = "github.com/nsqio/go-nsq"
  packages = ["."]
  pruneopts = "UT"
  revision = "d7acddb4babdf3329ad415cc02b605a239011b4b"
  version = "v1.0.8"

[[projects]]
  digest = "1:5ca236e4ecfeb92a57b7a4c7f139023384e7f726640f61b17820473cc82dfb77"
  name = "github.com/streadway/amqp"
  packages = ["."]
  pruneopts = "UT"
  revision = "1c71cc93ed716f9a6f4c2ae8955c25f9176d9f19"
  version = "v1.0.0"

[[projects]]
  digest = "1:af071e8f506c971a43857a2b340038bc5eae6b13941e35952bf941da4a21dd19"
  name = "go.opencensus.io"
  packages = [
    ".",
    "internal",
    "internal/tagencoding",
    "metric/metricdata",
    "metric/metricproducer",
    "plugin/ocgrpc",
    "resource",
    "stats",
    "stats/internal",
    "stats/view",
    "tag",
    "trace",
    "trace/internal",
    "trace/propagation",
    "trace/tracestate",
  ]
  pruneopts = "UT"
  revision = "3fb168f674736c026e623310bfccb0691e6dec8a"
  version = "v0.22.5"

[[projects]]
  branch = "master"
  digest = "1:3403849330a8ab0adfff079dc6c6ad7bd8961a4a6891d05b9797063b4024f623"
  name = "golang.org/x/lint"
  packages = [
    ".",
    "golint",
  ]
  pruneopts = "UT"
  revision = "738671d3881b9731cc63024d5d88cf28db875626"

[[projects]]
  digest = "1:467bb8fb8fa786448b8d486cd0bb7c1a5577dcd7310441aa02a20110cd9f727d"
  name = "golang.org/x/mod"
  packages = [
    "module",
    "semver",
  ]
  pruneopts = "UT"
  revision = "859b3ef565e237f9f1a0fb6b55385c497545680d"
  version = "v0.3.0"

[[projects]]
  branch = "master"
  digest = "1:e7d2993ad9695de0c68de394508c19d7e347745fdf5505424816585094d46d22"
  name = "golang.org/x/net"
  packages = [
    "context",
    "context/ctxhttp",
    "http/httpguts",
    "http2",
    "http2/hpack",
    "idna",
    "internal/timeseries",
    "trace",
  ]
  pruneopts = "UT"
  revision = "ff519b6c91021e6316e1df005bc19f266994ddda"

[[projects]]
  branch = "master"
  digest = "1:13440f3604489fc83b51a4022efc6fd7a29888c262a4a915362e65d08cf94b76"
  name = "golang.org/x/oauth2"
  packages = [
    ".",
    "google",
    "internal",
    "jws",
    "jwt",
  ]
  pruneopts = "UT"
  revision = "5d25da1a8d43b66f2898c444f899c7bcfd6a407e"

[[projects]]
  branch = "master"
  digest = "1:ec98ab215ad6fe290c86fe0c15b73684dd44680fc7b131fc1e0398b8dd5738f1"
  name = "golang.org/x/sync"
  packages = [
    "errgroup",
    "semaphore",
  ]
  pruneopts = "UT"
  revision = "67f06af15bc961c363a7260195bcd53487529a21"

[[projects]]
  branch = "master"
  digest = "1:464e63d528295644cab298e007fb5866a1f5f81e4e3437ea2389ca10ae039c23"
  name = "golang.org/x/sys"
  packages = [
    "internal/unsafeheader",
    "unix",
  ]
  pruneopts = "UT"
  revision = "da207088b7d1961c44ec61e9dc15a73745693ab6"

[[projects]]
  digest = "1:a45009ae1e0da0b589cd5da9f30770041573e61f2f79fb3e86aa3790d5c495c4"
  name = "golang.org/x/text"
  packages = [
    "collate",
    "collate/build",
    "internal/colltab",
    "internal/gen",
    "internal/language",
    "internal/language/compact",
    "internal/tag",
    "internal/triegen",
    "internal/ucd",
    "language",
    "secure/bidirule",
    "transform",
    "unicode/bidi",
    "unicode/cldr",
    "unicode/norm",
    "unicode/rangetable",
  ]
  pruneopts = "UT"
  revision = "22f1617af38ed4cd65b3b96e02bab267e560155c"
  version = "v0.3.4"

[[projects]]
  branch = "master"
  digest = "1:b147a2b16c2e816167708093bbf042258146733eabd179526a0ede9bef271bcf"
  name = "golang.org/x/tools"
  packages = [
    "cmd/goimports",
    "go/ast/astutil",
    "go/gcexportdata",
    "go/internal/gcimporter",
    "go/types/typeutil",
    "internal/event",
    "internal/event/core",
    "internal/event/keys",
    "internal/event/label",
    "internal/fastwalk",
    "internal/gocommand",
    "internal/gopathwalk",
    "internal/imports",
  ]
  pruneopts = "UT"
  revision = "b653051172e4dcfaee2233d4c528e91769a496e1"

[[projects]]
  branch = "master"
  digest = "1:918a46e4a2fb83df33f668f5a6bd51b2996775d073fce1800d3ec01b0a5ddd2b"
  name = "golang.org/x/xerrors"
  packages = [
    ".",
    "internal",
  ]
  pruneopts = "UT"
  revision = "5ec99f83aff198f5fbd629d6c8d8eb38a04218ca"

[[projects]]
  digest = "1:414ab155c310d5331e887841f9f42b78ffaf9600598165b73376b09a3d5305ad"
  name = "google.golang.org/api"
  packages = [
    "internal",
    "internal/impersonate",
    "iterator",
    "option",
    "option/internaloption",
    "support/bundler",
    "transport/cert",
    "transport/grpc",
    "transport/internal/dca",
  ]
  pruneopts = "UT"
  revision = "e10ce72b1284e32b9a23504649328761da5dcfdb"
  version = "v0.34.0"

[[projects]]
  digest = "1:9a3c550c85a5a62ccc4cadd8525497b99554094a1adecc560c97bebc231ca81b"
  name = "google.golang.org/appengine"
  packages = [
    ".",
    "internal",
    "internal/app_identity",
    "internal/base",
    "internal/datastore",
    "internal/log",
    "internal/modules",
    "internal/remote_api",
    "internal/socket",
    "internal/urlfetch",
    "socket",
    "urlfetch",
  ]
  pruneopts = "UT"
  revision = "5d1c1d03f8703c2e81478d9a30e9afa2d3e4bd8a"
  version = "v1.6.7"

[[projects]]
  branch = "master"
  digest = "1:67cf0b96e94f519e397e843c941b5a6f14a7296dda8befb057d778653a965bff"
  name = "google.golang.org/genproto"
  packages = [
    "googleapis/api/annotations",
    "googleapis/iam/v1",
    "googleapis/pubsub/v1",
    "googleapis/rpc/status",
    "googleapis/type/expr",
    "protobuf/field_mask",
  ]
  pruneopts = "UT"
  revision = "415bd0cd5df65ece67420db56d4bbe953fd013c5"

[[projects]]
  digest = "1:97793d05643a22806479921b74cb33b4d2be4543189e3744d8e32b5ad817cc45"
  name = "google.golang.org/grpc"
  packages = [
    ".",
    "attributes",
    "backoff",
    "balancer",
    "balancer/base",
    "balancer/grpclb",
    "balancer/grpclb/grpc_lb_v1",
    "balancer/grpclb/state",
    "balancer/roundrobin",
    "binarylog/grpc_binarylog_v1",
    "codes",
    "connectivity",
    "credentials",
    "credentials/alts",
    "credentials/alts/internal",
    "credentials/alts/internal/authinfo",
    "credentials/alts/internal/conn",
    "credentials/alts/internal/handshaker",
    "credentials/alts/internal/handshaker/service",
    "credentials/alts/internal/proto/grpc_gcp",
    "credentials/google",
    "credentials/oauth",
    "encoding",
    "encoding/proto",
    "grpclog",
    "internal",
    "internal/backoff",
    "internal/balancerload",
    "internal/binarylog",
    "internal/buffer",
    "internal/channelz",
    "internal/credentials",
    "internal/envconfig",
    "internal/grpclog",
    "internal/grpcrand",
    "internal/grpcsync",
    "internal/grpcutil",
    "internal/resolver/dns",
    "internal/resolver/passthrough",
    "internal/serviceconfig",
    "internal/status",
    "internal/syscall",
    "internal/transport",
    "keepalive",
    "metadata",
    "peer",
    "resolver",
    "serviceconfig",
    "stats",
    "status",
    "tap",
  ]
  pruneopts = "UT"
  revision = "a767afcb69f50a47471acd75d5a1ad062561554d"
  version = "v1.33.1"

[[projects]]
  digest = "1:306bf45aa3809d47fea19e7d1b32638f012bb15d0e9db35ae4a40b360a6dd739"
  name = "google.golang.org/protobuf"
  packages = [
    "cmd/protoc-gen-go/internal_gengo",
    "compiler/protogen",
    "encoding/prototext",
    "encoding/protowire",
    "internal/descfmt",
    "internal/descopts",
    "internal/detrand",
    "internal/encoding/defval",
    "internal/encoding/messageset",
    "internal/encoding/tag",
    "internal/encoding/text",
    "internal/errors",
    "internal/fieldsort",
    "internal/filedesc",
    "internal/filetype",
    "internal/flags",
    "internal/genid",
    "internal/impl",
    "internal/mapsort",
    "internal/pragma",
    "internal/set",
    "internal/strs",
    "internal/version",
    "proto",
    "reflect/protodesc",
    "reflect/protoreflect",
    "reflect/protoregistry",
    "runtime/protoiface",
    "runtime/protoimpl",
    "types/descriptorpb",
    "types/known/anypb",
    "types/known/durationpb",
    "types/known/emptypb",
    "types/known/fieldmaskpb",
    "types/known/timestamppb",
    "types/pluginpb",
  ]
  pruneopts = "UT"
  revision = "3f7a61f89bb6813f89d981d1870ed68da0b3c3f1"
  version = "v1.25.0"

[solve-meta]
  analyzer-name = "dep"
  analyzer-version = 1
  input-imports = [
    "cloud.google.com/go/pubsub",
    "github.com/golang/mock/gomock",
    "github.com/nsqio/go-nsq",
    "github.com/streadway/amqp",
    "google.golang.org/api/option",
  ]
  solver-name = "gps-cdcl"
  solver-version = 1
